
Microsoft Visual Studio Solution File, Format Version 12.00
# Visual Studio Version 17
VisualStudioVersion = 17.9.34714.143
MinimumVisualStudioVersion = 10.0.40219.1
Project("{FAE04EC0-301F-11D3-BF4B-00C04F79EFBC}") = "BookingApp", "BookingApp\BookingApp.csproj", "{B6D9C48E-0F0D-4B7D-AD20-4BE9E52A2A5D}"
EndProject
Global
	GlobalSection(SolutionConfigurationPlatforms) = preSolution
		Debug|Any CPU = Debug|Any CPU
		Release|Any CPU = Release|Any CPU
	EndGlobalSection
	GlobalSection(ProjectConfigurationPlatforms) = postSolution
		{B6D9C48E-0F0D-4B7D-AD20-4BE9E52A2A5D}.Debug|Any CPU.ActiveCfg = Debug|Any CPU
		{B6D9C48E-0F0D-4B7D-AD20-4BE9E52A2A5D}.Debug|Any CPU.Build.0 = Debug|Any CPU
		{B6D9C48E-0F0D-4B7D-AD20-4BE9E52A2A5D}.Release|Any CPU.ActiveCfg = Release|Any CPU
		{B6D9C48E-0F0D-4B7D-AD20-4BE9E52A2A5D}.Release|Any CPU.Build.0 = Release|Any CPU
	EndGlobalSection
	GlobalSection(SolutionProperties) = preSolution
		HideSolutionNode = FALSE
	EndGlobalSection
	GlobalSection(ExtensibilityGlobals) = postSolution
		SolutionGuid = {6CA37D96-A997-435A-B7C0-5114C6E607F2}
	EndGlobalSection
EndGlobal
